# THIS IS AN AUTOGENERATED FILE. DO NOT EDIT THIS FILE DIRECTLY.
# yarn lockfile v1


use-debounce@^10.0.2:
  version "10.0.2"
  resolved "https://registry.yarnpkg.com/use-debounce/-/use-debounce-10.0.2.tgz#a2e903d5d7f9f5111dd0cba5bfa67e103f6e96a6"
  integrity sha512-MwBiJK2dk+2qhMDVDCPRPeLuIekKfH2t1UYMnrW9pwcJJGFDbTLliSMBz2UKGmE1PJs8l3XoMqbIU1MemMAJ8g==
